
Microsoft Visual Studio Solution File, Format Version 12.00
# Visual Studio Version 17
VisualStudioVersion = 17.6.33829.357
MinimumVisualStudioVersion = 10.0.40219.1
Project("{FAE04EC0-301F-11D3-BF4B-00C04F79EFBC}") = "EntityFramework7Relationships", "EntityFramework7Relationships\EntityFramework7Relationships.csproj", "{F89FB920-4AF3-4E71-96F2-8593B2ABAA66}"
EndProject
Global
	GlobalSection(SolutionConfigurationPlatforms) = preSolution
		Debug|Any CPU = Debug|Any CPU
		Release|Any CPU = Release|Any CPU
	EndGlobalSection
	GlobalSection(ProjectConfigurationPlatforms) = postSolution
		{F89FB920-4AF3-4E71-96F2-8593B2ABAA66}.Debug|Any CPU.ActiveCfg = Debug|Any CPU
		{F89FB920-4AF3-4E71-96F2-8593B2ABAA66}.Debug|Any CPU.Build.0 = Debug|Any CPU
		{F89FB920-4AF3-4E71-96F2-8593B2ABAA66}.Release|Any CPU.ActiveCfg = Release|Any CPU
		{F89FB920-4AF3-4E71-96F2-8593B2ABAA66}.Release|Any CPU.Build.0 = Release|Any CPU
	EndGlobalSection
	GlobalSection(SolutionProperties) = preSolution
		HideSolutionNode = FALSE
	EndGlobalSection
	GlobalSection(ExtensibilityGlobals) = postSolution
		SolutionGuid = {136BB483-17D8-4E21-A681-E071E8B3844A}
	EndGlobalSection
EndGlobal
